{
  "name": "12hourstudy",
  "lockfileVersion": 2,
  "requires": true,
  "packages": {
    "": {
      "dependencies": {
        "@fontsource/playfair-display": "^4.5.12"
      }
    },
    "node_modules/@fontsource/playfair-display": {
      "version": "4.5.12",
      "resolved": "https://registry.npmjs.org/@fontsource/playfair-display/-/playfair-display-4.5.12.tgz",
      "integrity": "sha512-B7EUxMRW6EzE701WICRmpQM30hd6vHPMrfOzb7u8H0nEwrjK2PtJjGv7rbEl9Q02qoT54947yi630QgL9he5/A=="
    }
  },
  "dependencies": {
    "@fontsource/playfair-display": {
      "version": "4.5.12",
      "resolved": "https://registry.npmjs.org/@fontsource/playfair-display/-/playfair-display-4.5.12.tgz",
      "integrity": "sha512-B7EUxMRW6EzE701WICRmpQM30hd6vHPMrfOzb7u8H0nEwrjK2PtJjGv7rbEl9Q02qoT54947yi630QgL9he5/A=="
    }
  }
}
